// !$*UTF8*$!
{
	archiveVersion = 1;
	classes = {
	};
	objectVersion = 48;
	objects = {

/* Begin PBXBuildFile section */
		532EB66820624D9F00B7B8BD /* TAPKit.h in Headers */ = {isa = PBXBuildFile; fileRef = 532EB66620624D9F00B7B8BD /* TAPKit.h */; settings = {ATTRIBUTES = (Public, ); }; };
		532EB66F20624DBB00B7B8BD /* TAPDevice.swift in Sources */ = {isa = PBXBuildFile; fileRef = 532EB66E20624DBB00B7B8BD /* TAPDevice.swift */; };
		532EB67120624F6800B7B8BD /* TAPCBUUID.swift in Sources */ = {isa = PBXBuildFile; fileRef = 532EB67020624F6800B7B8BD /* TAPCBUUID.swift */; };
		532EB673206260F200B7B8BD /* TAPKitCentral.swift in Sources */ = {isa = PBXBuildFile; fileRef = 532EB672206260F200B7B8BD /* TAPKitCentral.swift */; };
		5367F6F520E4D69C007247C7 /* tap_ui_commands_packet.h in Headers */ = {isa = PBXBuildFile; fileRef = 5367F6F420E4D69C007247C7 /* tap_ui_commands_packet.h */; };
		5367F6F720E4D6BB007247C7 /* compiler_helper.h in Headers */ = {isa = PBXBuildFile; fileRef = 5367F6F620E4D6BB007247C7 /* compiler_helper.h */; };
		5367F6F920E4D6C8007247C7 /* bridge-header.h in Headers */ = {isa = PBXBuildFile; fileRef = 5367F6F820E4D6C8007247C7 /* bridge-header.h */; };
		539CA62821732A71006097A3 /* TapCombination.swift in Sources */ = {isa = PBXBuildFile; fileRef = 539CA62721732A71006097A3 /* TapCombination.swift */; };
		53B1A13F207A58ED00025C59 /* AppDelegate.swift in Sources */ = {isa = PBXBuildFile; fileRef = 53B1A13E207A58ED00025C59 /* AppDelegate.swift */; };
		53B1A141207A58ED00025C59 /* ViewController.swift in Sources */ = {isa = PBXBuildFile; fileRef = 53B1A140207A58ED00025C59 /* ViewController.swift */; };
		53B1A144207A58ED00025C59 /* Main.storyboard in Resources */ = {isa = PBXBuildFile; fileRef = 53B1A142207A58ED00025C59 /* Main.storyboard */; };
		53B1A146207A58ED00025C59 /* Assets.xcassets in Resources */ = {isa = PBXBuildFile; fileRef = 53B1A145207A58ED00025C59 /* Assets.xcassets */; };
		53B1A149207A58ED00025C59 /* LaunchScreen.storyboard in Resources */ = {isa = PBXBuildFile; fileRef = 53B1A147207A58ED00025C59 /* LaunchScreen.storyboard */; };
		53B1A14E207A5B8700025C59 /* TAPKit.framework in Frameworks */ = {isa = PBXBuildFile; fileRef = 532EB66320624D9F00B7B8BD /* TAPKit.framework */; };
		53B1A14F207A5B8700025C59 /* TAPKit.framework in Embed Frameworks */ = {isa = PBXBuildFile; fileRef = 532EB66320624D9F00B7B8BD /* TAPKit.framework */; settings = {ATTRIBUTES = (CodeSignOnCopy, RemoveHeadersOnCopy, ); }; };
		53E970AE2067DAA600F68262 /* TAPKitDelegateController.swift in Sources */ = {isa = PBXBuildFile; fileRef = 53E970AD2067DAA600F68262 /* TAPKitDelegateController.swift */; };
		53E970B0206927DF00F68262 /* TAPInputMode.swift in Sources */ = {isa = PBXBuildFile; fileRef = 53E970AF206927DF00F68262 /* TAPInputMode.swift */; };
		53E970B2206A2D2200F68262 /* TAPCombination.swift in Sources */ = {isa = PBXBuildFile; fileRef = 53E970B1206A2D2200F68262 /* TAPCombination.swift */; };
		53E970B4206A345A00F68262 /* TAPKitLog.swift in Sources */ = {isa = PBXBuildFile; fileRef = 53E970B3206A345A00F68262 /* TAPKitLog.swift */; };
		53E970B6206A662700F68262 /* TAPKit.swift in Sources */ = {isa = PBXBuildFile; fileRef = 53E970B5206A662700F68262 /* TAPKit.swift */; };
/* End PBXBuildFile section */

/* Begin PBXContainerItemProxy section */
		53B1A150207A5B8700025C59 /* PBXContainerItemProxy */ = {
			isa = PBXContainerItemProxy;
			containerPortal = 532EB65A20624D9F00B7B8BD /* Project object */;
			proxyType = 1;
			remoteGlobalIDString = 532EB66220624D9F00B7B8BD;
			remoteInfo = TAPKit;
		};
/* End PBXContainerItemProxy section */

/* Begin PBXCopyFilesBuildPhase section */
		53B1A152207A5B8700025C59 /* Embed Frameworks */ = {
			isa = PBXCopyFilesBuildPhase;
			buildActionMask = 2147483647;
			dstPath = "";
			dstSubfolderSpec = 10;
			files = (
				53B1A14F207A5B8700025C59 /* TAPKit.framework in Embed Frameworks */,
			);
			name = "Embed Frameworks";
			runOnlyForDeploymentPostprocessing = 0;
		};
/* End PBXCopyFilesBuildPhase section */

/* Begin PBXFileReference section */
		532EB66320624D9F00B7B8BD /* TAPKit.framework */ = {isa = PBXFileReference; explicitFileType = wrapper.framework; includeInIndex = 0; path = TAPKit.framework; sourceTree = BUILT_PRODUCTS_DIR; };
		532EB66620624D9F00B7B8BD /* TAPKit.h */ = {isa = PBXFileReference; lastKnownFileType = sourcecode.c.h; path = TAPKit.h; sourceTree = "<group>"; };
		532EB66720624D9F00B7B8BD /* Info.plist */ = {isa = PBXFileReference; lastKnownFileType = text.plist.xml; path = Info.plist; sourceTree = "<group>"; };
		532EB66E20624DBB00B7B8BD /* TAPDevice.swift */ = {isa = PBXFileReference; lastKnownFileType = sourcecode.swift; path = TAPDevice.swift; sourceTree = "<group>"; };
		532EB67020624F6800B7B8BD /* TAPCBUUID.swift */ = {isa = PBXFileReference; lastKnownFileType = sourcecode.swift; path = TAPCBUUID.swift; sourceTree = "<group>"; };
		532EB672206260F200B7B8BD /* TAPKitCentral.swift */ = {isa = PBXFileReference; lastKnownFileType = sourcecode.swift; path = TAPKitCentral.swift; sourceTree = "<group>"; };
		5367F6F420E4D69C007247C7 /* tap_ui_commands_packet.h */ = {isa = PBXFileReference; fileEncoding = 4; lastKnownFileType = sourcecode.c.h; path = tap_ui_commands_packet.h; sourceTree = "<group>"; };
		5367F6F620E4D6BB007247C7 /* compiler_helper.h */ = {isa = PBXFileReference; fileEncoding = 4; lastKnownFileType = sourcecode.c.h; path = compiler_helper.h; sourceTree = "<group>"; };
		5367F6F820E4D6C8007247C7 /* bridge-header.h */ = {isa = PBXFileReference; fileEncoding = 4; lastKnownFileType = sourcecode.c.h; path = "bridge-header.h"; sourceTree = "<group>"; };
		539CA62721732A71006097A3 /* TapCombination.swift */ = {isa = PBXFileReference; fileEncoding = 4; lastKnownFileType = sourcecode.swift; path = TapCombination.swift; sourceTree = "<group>"; };
		53B1A13C207A58ED00025C59 /* TAPKit-Example.app */ = {isa = PBXFileReference; explicitFileType = wrapper.application; includeInIndex = 0; path = "TAPKit-Example.app"; sourceTree = BUILT_PRODUCTS_DIR; };
		53B1A13E207A58ED00025C59 /* AppDelegate.swift */ = {isa = PBXFileReference; lastKnownFileType = sourcecode.swift; path = AppDelegate.swift; sourceTree = "<group>"; };
		53B1A140207A58ED00025C59 /* ViewController.swift */ = {isa = PBXFileReference; lastKnownFileType = sourcecode.swift; path = ViewController.swift; sourceTree = "<group>"; };
		53B1A143207A58ED00025C59 /* Base */ = {isa = PBXFileReference; lastKnownFileType = file.storyboard; name = Base; path = Base.lproj/Main.storyboard; sourceTree = "<group>"; };
		53B1A145207A58ED00025C59 /* Assets.xcassets */ = {isa = PBXFileReference; lastKnownFileType = folder.assetcatalog; path = Assets.xcassets; sourceTree = "<group>"; };
		53B1A148207A58ED00025C59 /* Base */ = {isa = PBXFileReference; lastKnownFileType = file.storyboard; name = Base; path = Base.lproj/LaunchScreen.storyboard; sourceTree = "<group>"; };
		53B1A14A207A58ED00025C59 /* Info.plist */ = {isa = PBXFileReference; lastKnownFileType = text.plist.xml; path = Info.plist; sourceTree = "<group>"; };
		53E970AD2067DAA600F68262 /* TAPKitDelegateController.swift */ = {isa = PBXFileReference; lastKnownFileType = sourcecode.swift; path = TAPKitDelegateController.swift; sourceTree = "<group>"; };
		53E970AF206927DF00F68262 /* TAPInputMode.swift */ = {isa = PBXFileReference; lastKnownFileType = sourcecode.swift; path = TAPInputMode.swift; sourceTree = "<group>"; };
		53E970B1206A2D2200F68262 /* TAPCombination.swift */ = {isa = PBXFileReference; lastKnownFileType = sourcecode.swift; path = TAPCombination.swift; sourceTree = "<group>"; };
		53E970B3206A345A00F68262 /* TAPKitLog.swift */ = {isa = PBXFileReference; lastKnownFileType = sourcecode.swift; path = TAPKitLog.swift; sourceTree = "<group>"; };
		53E970B5206A662700F68262 /* TAPKit.swift */ = {isa = PBXFileReference; lastKnownFileType = sourcecode.swift; path = TAPKit.swift; sourceTree = "<group>"; };
/* End PBXFileReference section */

/* Begin PBXFrameworksBuildPhase section */
		532EB65F20624D9F00B7B8BD /* Frameworks */ = {
			isa = PBXFrameworksBuildPhase;
			buildActionMask = 2147483647;
			files = (
			);
			runOnlyForDeploymentPostprocessing = 0;
		};
		53B1A139207A58ED00025C59 /* Frameworks */ = {
			isa = PBXFrameworksBuildPhase;
			buildActionMask = 2147483647;
			files = (
				53B1A14E207A5B8700025C59 /* TAPKit.framework in Frameworks */,
			);
			runOnlyForDeploymentPostprocessing = 0;
		};
/* End PBXFrameworksBuildPhase section */

/* Begin PBXGroup section */
		532EB65920624D9F00B7B8BD = {
			isa = PBXGroup;
			children = (
				532EB66520624D9F00B7B8BD /* TAPKit-iOS */,
				53B1A13D207A58ED00025C59 /* TAPKit-Example */,
				532EB66420624D9F00B7B8BD /* Products */,
				53E773332067A4A8006F752E /* Frameworks */,
			);
			sourceTree = "<group>";
		};
		532EB66420624D9F00B7B8BD /* Products */ = {
			isa = PBXGroup;
			children = (
				532EB66320624D9F00B7B8BD /* TAPKit.framework */,
				53B1A13C207A58ED00025C59 /* TAPKit-Example.app */,
			);
			name = Products;
			sourceTree = "<group>";
		};
		532EB66520624D9F00B7B8BD /* TAPKit-iOS */ = {
			isa = PBXGroup;
			children = (
				5367F6F320E4D692007247C7 /* Common */,
				53A84E6B207A3572008D0DC2 /* TAPDevice */,
				53A84E6A207A3568008D0DC2 /* Delegate */,
				53A84E69207A3555008D0DC2 /* Helpers */,
				53A84E68207A354D008D0DC2 /* Log */,
				53A84E67207A3544008D0DC2 /* Central */,
				532EB66620624D9F00B7B8BD /* TAPKit.h */,
				532EB66720624D9F00B7B8BD /* Info.plist */,
				53E970B5206A662700F68262 /* TAPKit.swift */,
			);
			path = "TAPKit-iOS";
			sourceTree = "<group>";
		};
		5367F6F320E4D692007247C7 /* Common */ = {
			isa = PBXGroup;
			children = (
				539CA62721732A71006097A3 /* TapCombination.swift */,
				5367F6F820E4D6C8007247C7 /* bridge-header.h */,
				5367F6F620E4D6BB007247C7 /* compiler_helper.h */,
				5367F6F420E4D69C007247C7 /* tap_ui_commands_packet.h */,
			);
			path = Common;
			sourceTree = "<group>";
		};
		53A84E67207A3544008D0DC2 /* Central */ = {
			isa = PBXGroup;
			children = (
				532EB672206260F200B7B8BD /* TAPKitCentral.swift */,
			);
			path = Central;
			sourceTree = "<group>";
		};
		53A84E68207A354D008D0DC2 /* Log */ = {
			isa = PBXGroup;
			children = (
				53E970B3206A345A00F68262 /* TAPKitLog.swift */,
			);
			path = Log;
			sourceTree = "<group>";
		};
		53A84E69207A3555008D0DC2 /* Helpers */ = {
			isa = PBXGroup;
			children = (
				53E970B1206A2D2200F68262 /* TAPCombination.swift */,
				532EB67020624F6800B7B8BD /* TAPCBUUID.swift */,
				53E970AF206927DF00F68262 /* TAPInputMode.swift */,
			);
			path = Helpers;
			sourceTree = "<group>";
		};
		53A84E6A207A3568008D0DC2 /* Delegate */ = {
			isa = PBXGroup;
			children = (
				53E970AD2067DAA600F68262 /* TAPKitDelegateController.swift */,
			);
			path = Delegate;
			sourceTree = "<group>";
		};
		53A84E6B207A3572008D0DC2 /* TAPDevice */ = {
			isa = PBXGroup;
			children = (
				532EB66E20624DBB00B7B8BD /* TAPDevice.swift */,
			);
			path = TAPDevice;
			sourceTree = "<group>";
		};
		53B1A13D207A58ED00025C59 /* TAPKit-Example */ = {
			isa = PBXGroup;
			children = (
				53B1A13E207A58ED00025C59 /* AppDelegate.swift */,
				53B1A140207A58ED00025C59 /* ViewController.swift */,
				53B1A142207A58ED00025C59 /* Main.storyboard */,
				53B1A145207A58ED00025C59 /* Assets.xcassets */,
				53B1A147207A58ED00025C59 /* LaunchScreen.storyboard */,
				53B1A14A207A58ED00025C59 /* Info.plist */,
			);
			path = "TAPKit-Example";
			sourceTree = "<group>";
		};
		53E773332067A4A8006F752E /* Frameworks */ = {
			isa = PBXGroup;
			children = (
			);
			name = Frameworks;
			sourceTree = "<group>";
		};
/* End PBXGroup section */

/* Begin PBXHeadersBuildPhase section */
		532EB66020624D9F00B7B8BD /* Headers */ = {
			isa = PBXHeadersBuildPhase;
			buildActionMask = 2147483647;
			files = (
				5367F6F920E4D6C8007247C7 /* bridge-header.h in Headers */,
				5367F6F720E4D6BB007247C7 /* compiler_helper.h in Headers */,
				5367F6F520E4D69C007247C7 /* tap_ui_commands_packet.h in Headers */,
				532EB66820624D9F00B7B8BD /* TAPKit.h in Headers */,
			);
			runOnlyForDeploymentPostprocessing = 0;
		};
/* End PBXHeadersBuildPhase section */

/* Begin PBXNativeTarget section */
		532EB66220624D9F00B7B8BD /* TAPKit */ = {
			isa = PBXNativeTarget;
			buildConfigurationList = 532EB66B20624D9F00B7B8BD /* Build configuration list for PBXNativeTarget "TAPKit" */;
			buildPhases = (
				532EB65E20624D9F00B7B8BD /* Sources */,
				532EB65F20624D9F00B7B8BD /* Frameworks */,
				532EB66020624D9F00B7B8BD /* Headers */,
				532EB66120624D9F00B7B8BD /* Resources */,
			);
			buildRules = (
			);
			dependencies = (
			);
			name = TAPKit;
			productName = "TAPSDK-iOS";
			productReference = 532EB66320624D9F00B7B8BD /* TAPKit.framework */;
			productType = "com.apple.product-type.framework";
		};
		53B1A13B207A58ED00025C59 /* TAPKit-Example */ = {
			isa = PBXNativeTarget;
			buildConfigurationList = 53B1A14B207A58ED00025C59 /* Build configuration list for PBXNativeTarget "TAPKit-Example" */;
			buildPhases = (
				53B1A138207A58ED00025C59 /* Sources */,
				53B1A139207A58ED00025C59 /* Frameworks */,
				53B1A13A207A58ED00025C59 /* Resources */,
				53B1A152207A5B8700025C59 /* Embed Frameworks */,
			);
			buildRules = (
			);
			dependencies = (
				53B1A151207A5B8700025C59 /* PBXTargetDependency */,
			);
			name = "TAPKit-Example";
			productName = "TAPKit-Example";
			productReference = 53B1A13C207A58ED00025C59 /* TAPKit-Example.app */;
			productType = "com.apple.product-type.application";
		};
/* End PBXNativeTarget section */

/* Begin PBXProject section */
		532EB65A20624D9F00B7B8BD /* Project object */ = {
			isa = PBXProject;
			attributes = {
				LastSwiftUpdateCheck = 0920;
				LastUpgradeCheck = 0920;
				ORGANIZATIONNAME = "Shahar Biran";
				TargetAttributes = {
					532EB66220624D9F00B7B8BD = {
						CreatedOnToolsVersion = 9.2;
						LastSwiftMigration = 0920;
						ProvisioningStyle = Manual;
					};
					53B1A13B207A58ED00025C59 = {
						CreatedOnToolsVersion = 9.2;
						ProvisioningStyle = Automatic;
					};
				};
			};
			buildConfigurationList = 532EB65D20624D9F00B7B8BD /* Build configuration list for PBXProject "TAPKit" */;
			compatibilityVersion = "Xcode 8.0";
			developmentRegion = en;
			hasScannedForEncodings = 0;
			knownRegions = (
				en,
				Base,
			);
			mainGroup = 532EB65920624D9F00B7B8BD;
			productRefGroup = 532EB66420624D9F00B7B8BD /* Products */;
			projectDirPath = "";
			projectRoot = "";
			targets = (
				532EB66220624D9F00B7B8BD /* TAPKit */,
				53B1A13B207A58ED00025C59 /* TAPKit-Example */,
			);
		};
/* End PBXProject section */

/* Begin PBXResourcesBuildPhase section */
		532EB66120624D9F00B7B8BD /* Resources */ = {
			isa = PBXResourcesBuildPhase;
			buildActionMask = 2147483647;
			files = (
			);
			runOnlyForDeploymentPostprocessing = 0;
		};
		53B1A13A207A58ED00025C59 /* Resources */ = {
			isa = PBXResourcesBuildPhase;
			buildActionMask = 2147483647;
			files = (
				53B1A149207A58ED00025C59 /* LaunchScreen.storyboard in Resources */,
				53B1A146207A58ED00025C59 /* Assets.xcassets in Resources */,
				53B1A144207A58ED00025C59 /* Main.storyboard in Resources */,
			);
			runOnlyForDeploymentPostprocessing = 0;
		};
/* End PBXResourcesBuildPhase section */

/* Begin PBXSourcesBuildPhase section */
		532EB65E20624D9F00B7B8BD /* Sources */ = {
			isa = PBXSourcesBuildPhase;
			buildActionMask = 2147483647;
			files = (
				532EB66F20624DBB00B7B8BD /* TAPDevice.swift in Sources */,
				53E970B2206A2D2200F68262 /* TAPCombination.swift in Sources */,
				53E970B0206927DF00F68262 /* TAPInputMode.swift in Sources */,
				532EB673206260F200B7B8BD /* TAPKitCentral.swift in Sources */,
				53E970B6206A662700F68262 /* TAPKit.swift in Sources */,
				53E970B4206A345A00F68262 /* TAPKitLog.swift in Sources */,
				532EB67120624F6800B7B8BD /* TAPCBUUID.swift in Sources */,
				53E970AE2067DAA600F68262 /* TAPKitDelegateController.swift in Sources */,
				539CA62821732A71006097A3 /* TapCombination.swift in Sources */,
			);
			runOnlyForDeploymentPostprocessing = 0;
		};
		53B1A138207A58ED00025C59 /* Sources */ = {
			isa = PBXSourcesBuildPhase;
			buildActionMask = 2147483647;
			files = (
				53B1A141207A58ED00025C59 /* ViewController.swift in Sources */,
				53B1A13F207A58ED00025C59 /* AppDelegate.swift in Sources */,
			);
			runOnlyForDeploymentPostprocessing = 0;
		};
/* End PBXSourcesBuildPhase section */

/* Begin PBXTargetDependency section */
		53B1A151207A5B8700025C59 /* PBXTargetDependency */ = {
			isa = PBXTargetDependency;
			target = 532EB66220624D9F00B7B8BD /* TAPKit */;
			targetProxy = 53B1A150207A5B8700025C59 /* PBXContainerItemProxy */;
		};
/* End PBXTargetDependency section */

/* Begin PBXVariantGroup section */
		53B1A142207A58ED00025C59 /* Main.storyboard */ = {
			isa = PBXVariantGroup;
			children = (
				53B1A143207A58ED00025C59 /* Base */,
			);
			name = Main.storyboard;
			sourceTree = "<group>";
		};
		53B1A147207A58ED00025C59 /* LaunchScreen.storyboard */ = {
			isa = PBXVariantGroup;
			children = (
				53B1A148207A58ED00025C59 /* Base */,
			);
			name = LaunchScreen.storyboard;
			sourceTree = "<group>";
		};
/* End PBXVariantGroup section */

/* Begin XCBuildConfiguration section */
		532EB66920624D9F00B7B8BD /* Debug */ = {
			isa = XCBuildConfiguration;
			buildSettings = {
				ALWAYS_SEARCH_USER_PATHS = NO;
				CLANG_ANALYZER_NONNULL = YES;
				CLANG_ANALYZER_NUMBER_OBJECT_CONVERSION = YES_AGGRESSIVE;
				CLANG_CXX_LANGUAGE_STANDARD = "gnu++14";
				CLANG_CXX_LIBRARY = "libc++";
				CLANG_ENABLE_MODULES = YES;
				CLANG_ENABLE_OBJC_ARC = YES;
				CLANG_WARN_BLOCK_CAPTURE_AUTORELEASING = YES;
				CLANG_WARN_BOOL_CONVERSION = YES;
				CLANG_WARN_COMMA = YES;
				CLANG_WARN_CONSTANT_CONVERSION = YES;
				CLANG_WARN_DIRECT_OBJC_ISA_USAGE = YES_ERROR;
				CLANG_WARN_DOCUMENTATION_COMMENTS = YES;
				CLANG_WARN_EMPTY_BODY = YES;
				CLANG_WARN_ENUM_CONVERSION = YES;
				CLANG_WARN_INFINITE_RECURSION = YES;
				CLANG_WARN_INT_CONVERSION = YES;
				CLANG_WARN_NON_LITERAL_NULL_CONVERSION = YES;
				CLANG_WARN_OBJC_LITERAL_CONVERSION = YES;
				CLANG_WARN_OBJC_ROOT_CLASS = YES_ERROR;
				CLANG_WARN_RANGE_LOOP_ANALYSIS = YES;
				CLANG_WARN_STRICT_PROTOTYPES = YES;
				CLANG_WARN_SUSPICIOUS_MOVE = YES;
				CLANG_WARN_UNGUARDED_AVAILABILITY = YES_AGGRESSIVE;
				CLANG_WARN_UNREACHABLE_CODE = YES;
				CLANG_WARN__DUPLICATE_METHOD_MATCH = YES;
				CODE_SIGN_IDENTITY = "iPhone Developer";
				COPY_PHASE_STRIP = NO;
				CURRENT_PROJECT_VERSION = 1;
				DEBUG_INFORMATION_FORMAT = dwarf;
				ENABLE_STRICT_OBJC_MSGSEND = YES;
				ENABLE_TESTABILITY = YES;
				GCC_C_LANGUAGE_STANDARD = gnu11;
				GCC_DYNAMIC_NO_PIC = NO;
				GCC_NO_COMMON_BLOCKS = YES;
				GCC_OPTIMIZATION_LEVEL = 0;
				GCC_PREPROCESSOR_DEFINITIONS = (
					"DEBUG=1",
					"$(inherited)",
				);
				GCC_WARN_64_TO_32_BIT_CONVERSION = YES;
				GCC_WARN_ABOUT_RETURN_TYPE = YES_ERROR;
				GCC_WARN_UNDECLARED_SELECTOR = YES;
				GCC_WARN_UNINITIALIZED_AUTOS = YES_AGGRESSIVE;
				GCC_WARN_UNUSED_FUNCTION = YES;
				GCC_WARN_UNUSED_VARIABLE = YES;
				IPHONEOS_DEPLOYMENT_TARGET = 11.2;
				MTL_ENABLE_DEBUG_INFO = YES;
				ONLY_ACTIVE_ARCH = YES;
				SDKROOT = iphoneos;
				SWIFT_ACTIVE_COMPILATION_CONDITIONS = DEBUG;
				SWIFT_OPTIMIZATION_LEVEL = "-Onone";
				VERSIONING_SYSTEM = "apple-generic";
				VERSION_INFO_PREFIX = "";
			};
			name = Debug;
		};
		532EB66A20624D9F00B7B8BD /* Release */ = {
			isa = XCBuildConfiguration;
			buildSettings = {
				ALWAYS_SEARCH_USER_PATHS = NO;
				CLANG_ANALYZER_NONNULL = YES;
				CLANG_ANALYZER_NUMBER_OBJECT_CONVERSION = YES_AGGRESSIVE;
				CLANG_CXX_LANGUAGE_STANDARD = "gnu++14";
				CLANG_CXX_LIBRARY = "libc++";
				CLANG_ENABLE_MODULES = YES;
				CLANG_ENABLE_OBJC_ARC = YES;
				CLANG_WARN_BLOCK_CAPTURE_AUTORELEASING = YES;
				CLANG_WARN_BOOL_CONVERSION = YES;
				CLANG_WARN_COMMA = YES;
				CLANG_WARN_CONSTANT_CONVERSION = YES;
				CLANG_WARN_DIRECT_OBJC_ISA_USAGE = YES_ERROR;
				CLANG_WARN_DOCUMENTATION_COMMENTS = YES;
				CLANG_WARN_EMPTY_BODY = YES;
				CLANG_WARN_ENUM_CONVERSION = YES;
				CLANG_WARN_INFINITE_RECURSION = YES;
				CLANG_WARN_INT_CONVERSION = YES;
				CLANG_WARN_NON_LITERAL_NULL_CONVERSION = YES;
				CLANG_WARN_OBJC_LITERAL_CONVERSION = YES;
				CLANG_WARN_OBJC_ROOT_CLASS = YES_ERROR;
				CLANG_WARN_RANGE_LOOP_ANALYSIS = YES;
				CLANG_WARN_STRICT_PROTOTYPES = YES;
				CLANG_WARN_SUSPICIOUS_MOVE = YES;
				CLANG_WARN_UNGUARDED_AVAILABILITY = YES_AGGRESSIVE;
				CLANG_WARN_UNREACHABLE_CODE = YES;
				CLANG_WARN__DUPLICATE_METHOD_MATCH = YES;
				CODE_SIGN_IDENTITY = "iPhone Developer";
				COPY_PHASE_STRIP = NO;
				CURRENT_PROJECT_VERSION = 1;
				DEBUG_INFORMATION_FORMAT = "dwarf-with-dsym";
				ENABLE_NS_ASSERTIONS = NO;
				ENABLE_STRICT_OBJC_MSGSEND = YES;
				GCC_C_LANGUAGE_STANDARD = gnu11;
				GCC_NO_COMMON_BLOCKS = YES;
				GCC_WARN_64_TO_32_BIT_CONVERSION = YES;
				GCC_WARN_ABOUT_RETURN_TYPE = YES_ERROR;
				GCC_WARN_UNDECLARED_SELECTOR = YES;
				GCC_WARN_UNINITIALIZED_AUTOS = YES_AGGRESSIVE;
				GCC_WARN_UNUSED_FUNCTION = YES;
				GCC_WARN_UNUSED_VARIABLE = YES;
				IPHONEOS_DEPLOYMENT_TARGET = 11.2;
				MTL_ENABLE_DEBUG_INFO = NO;
				SDKROOT = iphoneos;
				SWIFT_OPTIMIZATION_LEVEL = "-Owholemodule";
				VALIDATE_PRODUCT = YES;
				VERSIONING_SYSTEM = "apple-generic";
				VERSION_INFO_PREFIX = "";
			};
			name = Release;
		};
		532EB66C20624D9F00B7B8BD /* Debug */ = {
			isa = XCBuildConfiguration;
			buildSettings = {
				ARCHS = (
					"$(ARCHS_STANDARD)",
					arm64,
					armv7,
				);
				CLANG_ENABLE_MODULES = YES;
				CODE_SIGN_IDENTITY = "";
				CODE_SIGN_STYLE = Manual;
				DEFINES_MODULE = YES;
				DEVELOPMENT_TEAM = 6BH9T6C7E7;
				DYLIB_COMPATIBILITY_VERSION = 1;
				DYLIB_CURRENT_VERSION = 1;
				DYLIB_INSTALL_NAME_BASE = "@rpath";
				ENABLE_BITCODE = NO;
				INFOPLIST_FILE = "$(SRCROOT)/TAPKit-iOS/Info.plist";
				INSTALL_PATH = "$(LOCAL_LIBRARY_DIR)/Frameworks";
				IPHONEOS_DEPLOYMENT_TARGET = 8.0;
				LD_RUNPATH_SEARCH_PATHS = "$(inherited) @executable_path/Frameworks @loader_path/Frameworks";
				MODULEMAP_FILE = "";
				ONLY_ACTIVE_ARCH = NO;
				PRODUCT_BUNDLE_IDENTIFIER = "com.tapwithus.TAPKit-iOS";
				PRODUCT_NAME = "$(TARGET_NAME:c99extidentifier)";
				PROVISIONING_PROFILE_SPECIFIER = "";
				SKIP_INSTALL = YES;
				SWIFT_OBJC_BRIDGING_HEADER = "";
				SWIFT_OPTIMIZATION_LEVEL = "-Onone";
				SWIFT_VERSION = 4.0;
				TARGETED_DEVICE_FAMILY = "1,2";
				VALID_ARCHS = "arm64 armv7 armv7s";
			};
			name = Debug;
		};
		532EB66D20624D9F00B7B8BD /* Release */ = {
			isa = XCBuildConfiguration;
			buildSettings = {
				ARCHS = (
					"$(ARCHS_STANDARD)",
					arm64,
					armv7,
				);
				CLANG_ENABLE_MODULES = YES;
				CODE_SIGN_IDENTITY = "";
				CODE_SIGN_STYLE = Manual;
				DEFINES_MODULE = YES;
				DEVELOPMENT_TEAM = 6BH9T6C7E7;
				DYLIB_COMPATIBILITY_VERSION = 1;
				DYLIB_CURRENT_VERSION = 1;
				DYLIB_INSTALL_NAME_BASE = "@rpath";
				ENABLE_BITCODE = NO;
				INFOPLIST_FILE = "$(SRCROOT)/TAPKit-iOS/Info.plist";
				INSTALL_PATH = "$(LOCAL_LIBRARY_DIR)/Frameworks";
				IPHONEOS_DEPLOYMENT_TARGET = 8.0;
				LD_RUNPATH_SEARCH_PATHS = "$(inherited) @executable_path/Frameworks @loader_path/Frameworks";
				MODULEMAP_FILE = "";
				PRODUCT_BUNDLE_IDENTIFIER = "com.tapwithus.TAPKit-iOS";
				PRODUCT_NAME = "$(TARGET_NAME:c99extidentifier)";
				PROVISIONING_PROFILE_SPECIFIER = "";
				SKIP_INSTALL = YES;
				SWIFT_OBJC_BRIDGING_HEADER = "";
				SWIFT_VERSION = 4.0;
				TARGETED_DEVICE_FAMILY = "1,2";
				VALID_ARCHS = "arm64 armv7 armv7s";
			};
			name = Release;
		};
		53B1A14C207A58ED00025C59 /* Debug */ = {
			isa = XCBuildConfiguration;
			buildSettings = {
				ALWAYS_EMBED_SWIFT_STANDARD_LIBRARIES = YES;
				ASSETCATALOG_COMPILER_APPICON_NAME = AppIcon;
				CODE_SIGN_STYLE = Automatic;
				DEVELOPMENT_TEAM = 6BH9T6C7E7;
				ENABLE_BITCODE = NO;
				INFOPLIST_FILE = "TAPKit-Example/Info.plist";
				LD_RUNPATH_SEARCH_PATHS = "$(inherited) @executable_path/Frameworks";
				PRODUCT_BUNDLE_IDENTIFIER = "com.tapwithus.TAPKit-Example";
				PRODUCT_NAME = "$(TARGET_NAME)";
				SWIFT_VERSION = 4.0;
				TARGETED_DEVICE_FAMILY = "1,2";
			};
			name = Debug;
		};
		53B1A14D207A58ED00025C59 /* Release */ = {
			isa = XCBuildConfiguration;
			buildSettings = {
				ALWAYS_EMBED_SWIFT_STANDARD_LIBRARIES = YES;
				ASSETCATALOG_COMPILER_APPICON_NAME = AppIcon;
				CODE_SIGN_STYLE = Automatic;
				DEVELOPMENT_TEAM = 6BH9T6C7E7;
				ENABLE_BITCODE = NO;
				INFOPLIST_FILE = "TAPKit-Example/Info.plist";
				LD_RUNPATH_SEARCH_PATHS = "$(inherited) @executable_path/Frameworks";
				PRODUCT_BUNDLE_IDENTIFIER = "com.tapwithus.TAPKit-Example";
				PRODUCT_NAME = "$(TARGET_NAME)";
				SWIFT_VERSION = 4.0;
				TARGETED_DEVICE_FAMILY = "1,2";
			};
			name = Release;
		};
/* End XCBuildConfiguration section */

/* Begin XCConfigurationList section */
		532EB65D20624D9F00B7B8BD /* Build configuration list for PBXProject "TAPKit" */ = {
			isa = XCConfigurationList;
			buildConfigurations = (
				532EB66920624D9F00B7B8BD /* Debug */,
				532EB66A20624D9F00B7B8BD /* Release */,
			);
			defaultConfigurationIsVisible = 0;
			defaultConfigurationName = Release;
		};
		532EB66B20624D9F00B7B8BD /* Build configuration list for PBXNativeTarget "TAPKit" */ = {
			isa = XCConfigurationList;
			buildConfigurations = (
				532EB66C20624D9F00B7B8BD /* Debug */,
				532EB66D20624D9F00B7B8BD /* Release */,
			);
			defaultConfigurationIsVisible = 0;
			defaultConfigurationName = Release;
		};
		53B1A14B207A58ED00025C59 /* Build configuration list for PBXNativeTarget "TAPKit-Example" */ = {
			isa = XCConfigurationList;
			buildConfigurations = (
				53B1A14C207A58ED00025C59 /* Debug */,
				53B1A14D207A58ED00025C59 /* Release */,
			);
			defaultConfigurationIsVisible = 0;
			defaultConfigurationName = Release;
		};
/* End XCConfigurationList section */
	};
	rootObject = 532EB65A20624D9F00B7B8BD /* Project object */;
}
